
Microsoft Visual Studio Solution File, Format Version 12.00
# Visual Studio Version 17
VisualStudioVersion = 17.14.37614.0
MinimumVisualStudioVersion = 10.0.40219.1
Project("{2150E333-8FDC-42A3-9474-1A3956D46DE8}") = "Task0", "Task0", "{02EA681E-C7D8-13C7-8484-4AC65E1B71E8}"
EndProject
Project("{FAE04EC0-301F-11D3-BF4B-00C04F79EFBC}") = "Tyuiu.IvanovaEA.Sprint1.Task0.V24.Test", "Tyuiu.IvanovaEA.Sprint1.Task0.V24.Test\Tyuiu.IvanovaEA.Sprint1.Task0.V24.Test.csproj", "{8584E7C2-0873-4706-A59A-ACA72139BF42}"
EndProject
Project("{FAE04EC0-301F-11D3-BF4B-00C04F79EFBC}") = "Tyuiu.IvanovaEA.Sprint1.Task0.V24.Lib", "Tyuiu.IvanovaEA.Sprint1.Task0.V24.Lib\Tyuiu.IvanovaEA.Sprint1.Task0.V24.Lib.csproj", "{EB892D35-D957-4C2A-B345-7331C2E4F5E4}"
EndProject
Project("{FAE04EC0-301F-11D3-BF4B-00C04F79EFBC}") = "Tyuiu.IvanovaEA.Sprint1.Task0.V24", "Tyuiu.IvanovaEA.Sprint1.Task0.V24\Tyuiu.IvanovaEA.Sprint1.Task0.V24.csproj", "{645EA669-48CB-46AC-8BE7-C4CE8A187F0D}"
EndProject
Project("{2150E333-8FDC-42A3-9474-1A3956D46DE8}") = "Task1", "Task1", "{DC8FF131-06E7-4A01-9B71-6B29889F94D4}"
EndProject
Project("{FAE04EC0-301F-11D3-BF4B-00C04F79EFBC}") = "Tyuiu.IvanovaEA.Sprint1.Task1.V12.Test", "Tyuiu.IvanovaEA.Sprint1.Task1.V12.Test\Tyuiu.IvanovaEA.Sprint1.Task1.V12.Test.csproj", "{748D6CA8-33E1-48C1-9670-6432976A129B}"
EndProject
Project("{FAE04EC0-301F-11D3-BF4B-00C04F79EFBC}") = "Tyuiu.IvanovaEA.Sprint1.Task1.V12.Lib", "Tyuiu.IvanovaEA.Sprint1.Task1.V12.Lib\Tyuiu.IvanovaEA.Sprint1.Task1.V12.Lib.csproj", "{79A8BB4E-EF5B-4C45-807D-DC23B06A0658}"
EndProject
Project("{FAE04EC0-301F-11D3-BF4B-00C04F79EFBC}") = "Tyuiu.IvanovaEA.Sprint1.Task1.V12", "Tyuiu.IvanovaEA.Sprint1.Task1.V12\Tyuiu.IvanovaEA.Sprint1.Task1.V12.csproj", "{FFAF697F-5E6A-4BA3-9935-FB82289491F8}"
EndProject
Project("{2150E333-8FDC-42A3-9474-1A3956D46DE8}") = "Task2", "Task2", "{5FEF92C0-A29E-4D41-9DDB-FAA0CB8C2E30}"
EndProject
Project("{FAE04EC0-301F-11D3-BF4B-00C04F79EFBC}") = "Tyuiu.IvanovaEA.Sprint1.Task2.V29.Test", "Tyuiu.IvanovaEA.Sprint1.Task2.V29.Test\Tyuiu.IvanovaEA.Sprint1.Task2.V29.Test.csproj", "{63EC87E9-D7B4-4973-842F-55EF4DD76EDA}"
EndProject
Project("{FAE04EC0-301F-11D3-BF4B-00C04F79EFBC}") = "Tyuiu.IvanovaEA.Sprint1.Task2.V29.Lib", "Tyuiu.IvanovaEA.Sprint1.Task2.V29.Lib\Tyuiu.IvanovaEA.Sprint1.Task2.V29.Lib.csproj", "{053ECF05-177E-471D-BBA1-7469B6ADA5DC}"
EndProject
Project("{FAE04EC0-301F-11D3-BF4B-00C04F79EFBC}") = "Tyuiu.IvanovaEA.Sprint1.Task2.V29", "Tyuiu.IvanovaEA.Sprint1.Task2.V29\Tyuiu.IvanovaEA.Sprint1.Task2.V29.csproj", "{98BF512A-E254-4620-B750-9FA5F7EEC77C}"
EndProject
Project("{2150E333-8FDC-42A3-9474-1A3956D46DE8}") = "Task3", "Task3", "{81B9DA69-AF96-4176-A41F-56514AD52DDB}"
EndProject
Project("{FAE04EC0-301F-11D3-BF4B-00C04F79EFBC}") = "Tyuiu.IvanovaEA.Sprint1.Task3.V11.Test", "Tyuiu.IvanovaEA.Sprint1.Task3.V11.Test\Tyuiu.IvanovaEA.Sprint1.Task3.V11.Test.csproj", "{6511279C-8305-4AE6-8D02-E588D50AFDFE}"
EndProject
Project("{FAE04EC0-301F-11D3-BF4B-00C04F79EFBC}") = "Tyuiu.IvanovaEA.Sprint1.Task3.V11.Lib", "Tyuiu.IvanovaEA.Sprint1.Task3.V11.Lib\Tyuiu.IvanovaEA.Sprint1.Task3.V11.Lib.csproj", "{24B56A94-EB0E-4222-B785-CB77AEB2B8F7}"
EndProject
Project("{FAE04EC0-301F-11D3-BF4B-00C04F79EFBC}") = "Tyuiu.IvanovaEA.Sprint1.Task3.V11", "Tyuiu.IvanovaEA.Sprint1.Task3.V11\Tyuiu.IvanovaEA.Sprint1.Task3.V11.csproj", "{E97760CF-BEB2-42F0-A14B-BAAB00273599}"
EndProject
Project("{2150E333-8FDC-42A3-9474-1A3956D46DE8}") = "Task4", "Task4", "{82F033E2-B381-4848-A47A-11197250E611}"
EndProject
Project("{FAE04EC0-301F-11D3-BF4B-00C04F79EFBC}") = "Tyuiu.IvanovaEA.Sprint1.Task4.V21.Test", "Tyuiu.IvanovaEA.Sprint1.Task4.V21.Test\Tyuiu.IvanovaEA.Sprint1.Task4.V21.Test.csproj", "{0705BF41-C59E-4F66-AC95-CEA009C5C1C4}"
EndProject
Project("{FAE04EC0-301F-11D3-BF4B-00C04F79EFBC}") = "Tyuiu.IvanovaEA.Sprint1.Task4.V21.Lib", "Tyuiu.IvanovaEA.Sprint1.Task4.V21.Lib\Tyuiu.IvanovaEA.Sprint1.Task4.V21.Lib.csproj", "{5C15B14B-2A37-49DD-BE42-BA9E3AD45AF5}"
EndProject
Project("{FAE04EC0-301F-11D3-BF4B-00C04F79EFBC}") = "Tyuiu.IvanovaEA.Sprint1.Task4.V21", "Tyuiu.IvanovaEA.Sprint1.Task4.V21\Tyuiu.IvanovaEA.Sprint1.Task4.V21.csproj", "{6451BC1C-FE73-4547-9DC9-53F87B995C0B}"
EndProject
Project("{2150E333-8FDC-42A3-9474-1A3956D46DE8}") = "Task5", "Task5", "{DF1C11E8-B50F-4DB7-A145-7FBBFF00F823}"
EndProject
Project("{FAE04EC0-301F-11D3-BF4B-00C04F79EFBC}") = "Tyuiu.IvanovaEA.Sprint1.Task5.V7.Test", "Tyuiu.IvanovaEA.Sprint1.Task5.V7.Test\Tyuiu.IvanovaEA.Sprint1.Task5.V7.Test.csproj", "{8B3B94F6-436A-49FF-B553-5D0E9C56BFE2}"
EndProject
Project("{FAE04EC0-301F-11D3-BF4B-00C04F79EFBC}") = "Tyuiu.IvanovaEA.Sprint1.Task5.V7.Lib", "Tyuiu.IvanovaEA.Sprint1.Task5.V7.Lib\Tyuiu.IvanovaEA.Sprint1.Task5.V7.Lib.csproj", "{1A3FE290-0817-430F-AC23-A48DFA8E178D}"
EndProject
Project("{FAE04EC0-301F-11D3-BF4B-00C04F79EFBC}") = "Tyuiu.IvanovaEA.Sprint1.Task5.V7", "Tyuiu.IvanovaEA.Sprint1.Task5.V7\Tyuiu.IvanovaEA.Sprint1.Task5.V7.csproj", "{0AF35818-D872-40EA-8335-3B4E2C2F76AD}"
EndProject
Project("{2150E333-8FDC-42A3-9474-1A3956D46DE8}") = "Task6", "Task6", "{31F40ED6-7DE3-4B0D-9CEA-84AA079AF4BF}"
EndProject
Project("{FAE04EC0-301F-11D3-BF4B-00C04F79EFBC}") = "Tyuiu.IvanovaEA.Sprint1.Task6.V16.Test", "Tyuiu.IvanovaEA.Sprint1.Task6.V16.Test\Tyuiu.IvanovaEA.Sprint1.Task6.V16.Test.csproj", "{5E44FF7B-AAA9-486E-9180-37BFDF15BED1}"
EndProject
Project("{FAE04EC0-301F-11D3-BF4B-00C04F79EFBC}") = "Tyuiu.IvanovaEA.Sprint1.Task6.V16.Lib", "Tyuiu.IvanovaEA.Sprint1.Task6.V16.Lib\Tyuiu.IvanovaEA.Sprint1.Task6.V16.Lib.csproj", "{C69231F5-8138-4782-8E2A-EA1E04B6D487}"
EndProject
Project("{FAE04EC0-301F-11D3-BF4B-00C04F79EFBC}") = "Tyuiu.IvanovaEA.Sprint1.Task6.V16", "Tyuiu.IvanovaEA.Sprint1.Task6.V16\Tyuiu.IvanovaEA.Sprint1.Task6.V16.csproj", "{244CB6D9-6F4A-4FDE-B311-79323938552D}"
EndProject
Global
	GlobalSection(SolutionConfigurationPlatforms) = preSolution
		Debug|Any CPU = Debug|Any CPU
		Release|Any CPU = Release|Any CPU
	EndGlobalSection
	GlobalSection(ProjectConfigurationPlatforms) = postSolution
		{8584E7C2-0873-4706-A59A-ACA72139BF42}.Debug|Any CPU.ActiveCfg = Debug|Any CPU
		{8584E7C2-0873-4706-A59A-ACA72139BF42}.Debug|Any CPU.Build.0 = Debug|Any CPU
		{8584E7C2-0873-4706-A59A-ACA72139BF42}.Release|Any CPU.ActiveCfg = Release|Any CPU
		{8584E7C2-0873-4706-A59A-ACA72139BF42}.Release|Any CPU.Build.0 = Release|Any CPU
		{EB892D35-D957-4C2A-B345-7331C2E4F5E4}.Debug|Any CPU.ActiveCfg = Debug|Any CPU
		{EB892D35-D957-4C2A-B345-7331C2E4F5E4}.Debug|Any CPU.Build.0 = Debug|Any CPU
		{EB892D35-D957-4C2A-B345-7331C2E4F5E4}.Release|Any CPU.ActiveCfg = Release|Any CPU
		{EB892D35-D957-4C2A-B345-7331C2E4F5E4}.Release|Any CPU.Build.0 = Release|Any CPU
		{645EA669-48CB-46AC-8BE7-C4CE8A187F0D}.Debug|Any CPU.ActiveCfg = Debug|Any CPU
		{645EA669-48CB-46AC-8BE7-C4CE8A187F0D}.Debug|Any CPU.Build.0 = Debug|Any CPU
		{645EA669-48CB-46AC-8BE7-C4CE8A187F0D}.Release|Any CPU.ActiveCfg = Release|Any CPU
		{645EA669-48CB-46AC-8BE7-C4CE8A187F0D}.Release|Any CPU.Build.0 = Release|Any CPU
		{748D6CA8-33E1-48C1-9670-6432976A129B}.Debug|Any CPU.ActiveCfg = Debug|Any CPU
		{748D6CA8-33E1-48C1-9670-6432976A129B}.Debug|Any CPU.Build.0 = Debug|Any CPU
		{748D6CA8-33E1-48C1-9670-6432976A129B}.Release|Any CPU.ActiveCfg = Release|Any CPU
		{748D6CA8-33E1-48C1-9670-6432976A129B}.Release|Any CPU.Build.0 = Release|Any CPU
		{79A8BB4E-EF5B-4C45-807D-DC23B06A0658}.Debug|Any CPU.ActiveCfg = Debug|Any CPU
		{79A8BB4E-EF5B-4C45-807D-DC23B06A0658}.Debug|Any CPU.Build.0 = Debug|Any CPU
		{79A8BB4E-EF5B-4C45-807D-DC23B06A0658}.Release|Any CPU.ActiveCfg = Release|Any CPU
		{79A8BB4E-EF5B-4C45-807D-DC23B06A0658}.Release|Any CPU.Build.0 = Release|Any CPU
		{FFAF697F-5E6A-4BA3-9935-FB82289491F8}.Debug|Any CPU.ActiveCfg = Debug|Any CPU
		{FFAF697F-5E6A-4BA3-9935-FB82289491F8}.Debug|Any CPU.Build.0 = Debug|Any CPU
		{FFAF697F-5E6A-4BA3-9935-FB82289491F8}.Release|Any CPU.ActiveCfg = Release|Any CPU
		{FFAF697F-5E6A-4BA3-9935-FB82289491F8}.Release|Any CPU.Build.0 = Release|Any CPU
		{63EC87E9-D7B4-4973-842F-55EF4DD76EDA}.Debug|Any CPU.ActiveCfg = Debug|Any CPU
		{63EC87E9-D7B4-4973-842F-55EF4DD76EDA}.Debug|Any CPU.Build.0 = Debug|Any CPU
		{63EC87E9-D7B4-4973-842F-55EF4DD76EDA}.Release|Any CPU.ActiveCfg = Release|Any CPU
		{63EC87E9-D7B4-4973-842F-55EF4DD76EDA}.Release|Any CPU.Build.0 = Release|Any CPU
		{053ECF05-177E-471D-BBA1-7469B6ADA5DC}.Debug|Any CPU.ActiveCfg = Debug|Any CPU
		{053ECF05-177E-471D-BBA1-7469B6ADA5DC}.Debug|Any CPU.Build.0 = Debug|Any CPU
		{053ECF05-177E-471D-BBA1-7469B6ADA5DC}.Release|Any CPU.ActiveCfg = Release|Any CPU
		{053ECF05-177E-471D-BBA1-7469B6ADA5DC}.Release|Any CPU.Build.0 = Release|Any CPU
		{98BF512A-E254-4620-B750-9FA5F7EEC77C}.Debug|Any CPU.ActiveCfg = Debug|Any CPU
		{98BF512A-E254-4620-B750-9FA5F7EEC77C}.Debug|Any CPU.Build.0 = Debug|Any CPU
		{98BF512A-E254-4620-B750-9FA5F7EEC77C}.Release|Any CPU.ActiveCfg = Release|Any CPU
		{98BF512A-E254-4620-B750-9FA5F7EEC77C}.Release|Any CPU.Build.0 = Release|Any CPU
		{6511279C-8305-4AE6-8D02-E588D50AFDFE}.Debug|Any CPU.ActiveCfg = Debug|Any CPU
		{6511279C-8305-4AE6-8D02-E588D50AFDFE}.Debug|Any CPU.Build.0 = Debug|Any CPU
		{6511279C-8305-4AE6-8D02-E588D50AFDFE}.Release|Any CPU.ActiveCfg = Release|Any CPU
		{6511279C-8305-4AE6-8D02-E588D50AFDFE}.Release|Any CPU.Build.0 = Release|Any CPU
		{24B56A94-EB0E-4222-B785-CB77AEB2B8F7}.Debug|Any CPU.ActiveCfg = Debug|Any CPU
		{24B56A94-EB0E-4222-B785-CB77AEB2B8F7}.Debug|Any CPU.Build.0 = Debug|Any CPU
		{24B56A94-EB0E-4222-B785-CB77AEB2B8F7}.Release|Any CPU.ActiveCfg = Release|Any CPU
		{24B56A94-EB0E-4222-B785-CB77AEB2B8F7}.Release|Any CPU.Build.0 = Release|Any CPU
		{E97760CF-BEB2-42F0-A14B-BAAB00273599}.Debug|Any CPU.ActiveCfg = Debug|Any CPU
		{E97760CF-BEB2-42F0-A14B-BAAB00273599}.Debug|Any CPU.Build.0 = Debug|Any CPU
		{E97760CF-BEB2-42F0-A14B-BAAB00273599}.Release|Any CPU.ActiveCfg = Release|Any CPU
		{E97760CF-BEB2-42F0-A14B-BAAB00273599}.Release|Any CPU.Build.0 = Release|Any CPU
		{0705BF41-C59E-4F66-AC95-CEA009C5C1C4}.Debug|Any CPU.ActiveCfg = Debug|Any CPU
		{0705BF41-C59E-4F66-AC95-CEA009C5C1C4}.Debug|Any CPU.Build.0 = Debug|Any CPU
		{0705BF41-C59E-4F66-AC95-CEA009C5C1C4}.Release|Any CPU.ActiveCfg = Release|Any CPU
		{0705BF41-C59E-4F66-AC95-CEA009C5C1C4}.Release|Any CPU.Build.0 = Release|Any CPU
		{5C15B14B-2A37-49DD-BE42-BA9E3AD45AF5}.Debug|Any CPU.ActiveCfg = Debug|Any CPU
		{5C15B14B-2A37-49DD-BE42-BA9E3AD45AF5}.Debug|Any CPU.Build.0 = Debug|Any CPU
		{5C15B14B-2A37-49DD-BE42-BA9E3AD45AF5}.Release|Any CPU.ActiveCfg = Release|Any CPU
		{5C15B14B-2A37-49DD-BE42-BA9E3AD45AF5}.Release|Any CPU.Build.0 = Release|Any CPU
		{6451BC1C-FE73-4547-9DC9-53F87B995C0B}.Debug|Any CPU.ActiveCfg = Debug|Any CPU
		{6451BC1C-FE73-4547-9DC9-53F87B995C0B}.Debug|Any CPU.Build.0 = Debug|Any CPU
		{6451BC1C-FE73-4547-9DC9-53F87B995C0B}.Release|Any CPU.ActiveCfg = Release|Any CPU
		{6451BC1C-FE73-4547-9DC9-53F87B995C0B}.Release|Any CPU.Build.0 = Release|Any CPU
		{8B3B94F6-436A-49FF-B553-5D0E9C56BFE2}.Debug|Any CPU.ActiveCfg = Debug|Any CPU
		{8B3B94F6-436A-49FF-B553-5D0E9C56BFE2}.Debug|Any CPU.Build.0 = Debug|Any CPU
		{8B3B94F6-436A-49FF-B553-5D0E9C56BFE2}.Release|Any CPU.ActiveCfg = Release|Any CPU
		{8B3B94F6-436A-49FF-B553-5D0E9C56BFE2}.Release|Any CPU.Build.0 = Release|Any CPU
		{1A3FE290-0817-430F-AC23-A48DFA8E178D}.Debug|Any CPU.ActiveCfg = Debug|Any CPU
		{1A3FE290-0817-430F-AC23-A48DFA8E178D}.Debug|Any CPU.Build.0 = Debug|Any CPU
		{1A3FE290-0817-430F-AC23-A48DFA8E178D}.Release|Any CPU.ActiveCfg = Release|Any CPU
		{1A3FE290-0817-430F-AC23-A48DFA8E178D}.Release|Any CPU.Build.0 = Release|Any CPU
		{0AF35818-D872-40EA-8335-3B4E2C2F76AD}.Debug|Any CPU.ActiveCfg = Debug|Any CPU
		{0AF35818-D872-40EA-8335-3B4E2C2F76AD}.Debug|Any CPU.Build.0 = Debug|Any CPU
		{0AF35818-D872-40EA-8335-3B4E2C2F76AD}.Release|Any CPU.ActiveCfg = Release|Any CPU
		{0AF35818-D872-40EA-8335-3B4E2C2F76AD}.Release|Any CPU.Build.0 = Release|Any CPU
		{5E44FF7B-AAA9-486E-9180-37BFDF15BED1}.Debug|Any CPU.ActiveCfg = Debug|Any CPU
		{5E44FF7B-AAA9-486E-9180-37BFDF15BED1}.Debug|Any CPU.Build.0 = Debug|Any CPU
		{5E44FF7B-AAA9-486E-9180-37BFDF15BED1}.Release|Any CPU.ActiveCfg = Release|Any CPU
		{5E44FF7B-AAA9-486E-9180-37BFDF15BED1}.Release|Any CPU.Build.0 = Release|Any CPU
		{C69231F5-8138-4782-8E2A-EA1E04B6D487}.Debug|Any CPU.ActiveCfg = Debug|Any CPU
		{C69231F5-8138-4782-8E2A-EA1E04B6D487}.Debug|Any CPU.Build.0 = Debug|Any CPU
		{C69231F5-8138-4782-8E2A-EA1E04B6D487}.Release|Any CPU.ActiveCfg = Release|Any CPU
		{C69231F5-8138-4782-8E2A-EA1E04B6D487}.Release|Any CPU.Build.0 = Release|Any CPU
		{244CB6D9-6F4A-4FDE-B311-79323938552D}.Debug|Any CPU.ActiveCfg = Debug|Any CPU
		{244CB6D9-6F4A-4FDE-B311-79323938552D}.Debug|Any CPU.Build.0 = Debug|Any CPU
		{244CB6D9-6F4A-4FDE-B311-79323938552D}.Release|Any CPU.ActiveCfg = Release|Any CPU
		{244CB6D9-6F4A-4FDE-B311-79323938552D}.Release|Any CPU.Build.0 = Release|Any CPU
	EndGlobalSection
	GlobalSection(SolutionProperties) = preSolution
		HideSolutionNode = FALSE
	EndGlobalSection
	GlobalSection(NestedProjects) = preSolution
		{8584E7C2-0873-4706-A59A-ACA72139BF42} = {02EA681E-C7D8-13C7-8484-4AC65E1B71E8}
		{EB892D35-D957-4C2A-B345-7331C2E4F5E4} = {02EA681E-C7D8-13C7-8484-4AC65E1B71E8}
		{645EA669-48CB-46AC-8BE7-C4CE8A187F0D} = {02EA681E-C7D8-13C7-8484-4AC65E1B71E8}
		{748D6CA8-33E1-48C1-9670-6432976A129B} = {DC8FF131-06E7-4A01-9B71-6B29889F94D4}
		{79A8BB4E-EF5B-4C45-807D-DC23B06A0658} = {DC8FF131-06E7-4A01-9B71-6B29889F94D4}
		{FFAF697F-5E6A-4BA3-9935-FB82289491F8} = {DC8FF131-06E7-4A01-9B71-6B29889F94D4}
		{63EC87E9-D7B4-4973-842F-55EF4DD76EDA} = {5FEF92C0-A29E-4D41-9DDB-FAA0CB8C2E30}
		{053ECF05-177E-471D-BBA1-7469B6ADA5DC} = {5FEF92C0-A29E-4D41-9DDB-FAA0CB8C2E30}
		{98BF512A-E254-4620-B750-9FA5F7EEC77C} = {5FEF92C0-A29E-4D41-9DDB-FAA0CB8C2E30}
		{6511279C-8305-4AE6-8D02-E588D50AFDFE} = {81B9DA69-AF96-4176-A41F-56514AD52DDB}
		{24B56A94-EB0E-4222-B785-CB77AEB2B8F7} = {81B9DA69-AF96-4176-A41F-56514AD52DDB}
		{E97760CF-BEB2-42F0-A14B-BAAB00273599} = {81B9DA69-AF96-4176-A41F-56514AD52DDB}
		{0705BF41-C59E-4F66-AC95-CEA009C5C1C4} = {82F033E2-B381-4848-A47A-11197250E611}
		{5C15B14B-2A37-49DD-BE42-BA9E3AD45AF5} = {82F033E2-B381-4848-A47A-11197250E611}
		{6451BC1C-FE73-4547-9DC9-53F87B995C0B} = {82F033E2-B381-4848-A47A-11197250E611}
		{8B3B94F6-436A-49FF-B553-5D0E9C56BFE2} = {DF1C11E8-B50F-4DB7-A145-7FBBFF00F823}
		{1A3FE290-0817-430F-AC23-A48DFA8E178D} = {DF1C11E8-B50F-4DB7-A145-7FBBFF00F823}
		{0AF35818-D872-40EA-8335-3B4E2C2F76AD} = {DF1C11E8-B50F-4DB7-A145-7FBBFF00F823}
		{5E44FF7B-AAA9-486E-9180-37BFDF15BED1} = {31F40ED6-7DE3-4B0D-9CEA-84AA079AF4BF}
		{C69231F5-8138-4782-8E2A-EA1E04B6D487} = {31F40ED6-7DE3-4B0D-9CEA-84AA079AF4BF}
		{244CB6D9-6F4A-4FDE-B311-79323938552D} = {31F40ED6-7DE3-4B0D-9CEA-84AA079AF4BF}
	EndGlobalSection
	GlobalSection(ExtensibilityGlobals) = postSolution
		SolutionGuid = {8E971F54-F88E-4D12-9D7B-EDB72F55C0B3}
	EndGlobalSection
EndGlobal
